
Microsoft Visual Studio Solution File, Format Version 12.00
# Visual Studio 15
VisualStudioVersion = 15.0.28010.2016
MinimumVisualStudioVersion = 10.0.40219.1
Project("{888888A0-9F3D-457C-B088-3A5042F75D52}") = "Core", "Core\Core.pyproj", "{4FDB1A48-0167-440C-9DD4-19DDD0BA34D0}"
EndProject
Project("{2150E333-8FDC-42A3-9474-1A3956D46DE8}") = "Note_Files", "Note_Files", "{92E99DB7-D07C-4D4F-B83C-EA88B2E660B9}"
	ProjectSection(SolutionItems) = preProject
		Note_Files\commands.txt = Note_Files\commands.txt
		paths.py = paths.py
		..\README.md = ..\README.md
		Note_Files\readmeBIWI.txt = Note_Files\readmeBIWI.txt
	EndProjectSection
EndProject
Project("{888888A0-9F3D-457C-B088-3A5042F75D52}") = "DatasetHandler", "DatasetHandler\DatasetHandler.pyproj", "{BD151FB4-1388-4255-B0B9-CAF5D20883B4}"
EndProject
Project("{888888A0-9F3D-457C-B088-3A5042F75D52}") = "ClassificationWithCNN", "ClassificationWithCNN\ClassificationWithCNN.pyproj", "{7A0BA1F7-AF4B-477F-86AC-CC0E0E3507DE}"
EndProject
Project("{888888A0-9F3D-457C-B088-3A5042F75D52}") = "FC_RNN_Evaluater", "FC_RNN_Evaluater\FC_RNN_Evaluater.pyproj", "{D6C55E4E-27D2-4A3A-AA2D-CDC7EB42AE0C}"
EndProject
Project("{888888A0-9F3D-457C-B088-3A5042F75D52}") = "CNN_Evaluater", "CNN_Evaluater\CNN_Evaluater.pyproj", "{EA99BE7D-DBFC-4840-B3F5-020FC64B2BDF}"
EndProject
Global
	GlobalSection(SolutionConfigurationPlatforms) = preSolution
		Debug|Any CPU = Debug|Any CPU
		Release|Any CPU = Release|Any CPU
	EndGlobalSection
	GlobalSection(ProjectConfigurationPlatforms) = postSolution
		{4FDB1A48-0167-440C-9DD4-19DDD0BA34D0}.Debug|Any CPU.ActiveCfg = Debug|Any CPU
		{4FDB1A48-0167-440C-9DD4-19DDD0BA34D0}.Release|Any CPU.ActiveCfg = Release|Any CPU
		{BD151FB4-1388-4255-B0B9-CAF5D20883B4}.Debug|Any CPU.ActiveCfg = Debug|Any CPU
		{BD151FB4-1388-4255-B0B9-CAF5D20883B4}.Release|Any CPU.ActiveCfg = Release|Any CPU
		{7A0BA1F7-AF4B-477F-86AC-CC0E0E3507DE}.Debug|Any CPU.ActiveCfg = Debug|Any CPU
		{7A0BA1F7-AF4B-477F-86AC-CC0E0E3507DE}.Release|Any CPU.ActiveCfg = Release|Any CPU
		{D6C55E4E-27D2-4A3A-AA2D-CDC7EB42AE0C}.Debug|Any CPU.ActiveCfg = Debug|Any CPU
		{D6C55E4E-27D2-4A3A-AA2D-CDC7EB42AE0C}.Release|Any CPU.ActiveCfg = Release|Any CPU
		{EA99BE7D-DBFC-4840-B3F5-020FC64B2BDF}.Debug|Any CPU.ActiveCfg = Debug|Any CPU
		{EA99BE7D-DBFC-4840-B3F5-020FC64B2BDF}.Release|Any CPU.ActiveCfg = Release|Any CPU
	EndGlobalSection
	GlobalSection(SolutionProperties) = preSolution
		HideSolutionNode = FALSE
	EndGlobalSection
	GlobalSection(ExtensibilityGlobals) = postSolution
		SolutionGuid = {B792D7A9-535C-402B-8567-DCC5EB7D264C}
	EndGlobalSection
EndGlobal
